
Microsoft Visual Studio Solution File, Format Version 12.00
# Visual Studio 15
VisualStudioVersion = 15.0.28010.2003
MinimumVisualStudioVersion = 10.0.40219.1
Project("{FAE04EC0-301F-11D3-BF4B-00C04F79EFBC}") = "TallerDeVehiculosApi", "TallerDeVehiculosApi\TallerDeVehiculosApi.csproj", "{6F445627-DECA-46D0-8D37-CEE2F49229E2}"
EndProject
Project("{FAE04EC0-301F-11D3-BF4B-00C04F79EFBC}") = "ApplicationCore", "ApplicationCore\ApplicationCore.csproj", "{3EB1C4DC-161E-415E-B775-F544B6D1C81D}"
EndProject
Global
	GlobalSection(SolutionConfigurationPlatforms) = preSolution
		Debug|Any CPU = Debug|Any CPU
		Release|Any CPU = Release|Any CPU
	EndGlobalSection
	GlobalSection(ProjectConfigurationPlatforms) = postSolution
		{6F445627-DECA-46D0-8D37-CEE2F49229E2}.Debug|Any CPU.ActiveCfg = Debug|Any CPU
		{6F445627-DECA-46D0-8D37-CEE2F49229E2}.Debug|Any CPU.Build.0 = Debug|Any CPU
		{6F445627-DECA-46D0-8D37-CEE2F49229E2}.Release|Any CPU.ActiveCfg = Release|Any CPU
		{6F445627-DECA-46D0-8D37-CEE2F49229E2}.Release|Any CPU.Build.0 = Release|Any CPU
		{3EB1C4DC-161E-415E-B775-F544B6D1C81D}.Debug|Any CPU.ActiveCfg = Debug|Any CPU
		{3EB1C4DC-161E-415E-B775-F544B6D1C81D}.Debug|Any CPU.Build.0 = Debug|Any CPU
		{3EB1C4DC-161E-415E-B775-F544B6D1C81D}.Release|Any CPU.ActiveCfg = Release|Any CPU
		{3EB1C4DC-161E-415E-B775-F544B6D1C81D}.Release|Any CPU.Build.0 = Release|Any CPU
	EndGlobalSection
	GlobalSection(SolutionProperties) = preSolution
		HideSolutionNode = FALSE
	EndGlobalSection
	GlobalSection(ExtensibilityGlobals) = postSolution
		SolutionGuid = {D398A274-41F8-4802-99CE-EEB18F87FC35}
	EndGlobalSection
EndGlobal
